{
  "nodes": {
    "emacs-src": {
      "flake": false,
      "locked": {
        "lastModified": 1708631395,
        "narHash": "sha256-+GZ54vYAdmvsWjCulZW1DM2SmOugzv03ZjBOT0VKS9o=",
        "owner": "emacs-mirror",
        "repo": "emacs",
        "rev": "58ca91fe0723c861d53375f52e5b6dd54a49a2e3",
        "type": "github"
      },
      "original": {
        "owner": "emacs-mirror",
        "repo": "emacs",
        "type": "github"
      }
    },
    "emacs-vterm-src": {
      "flake": false,
      "locked": {
        "lastModified": 1704215258,
        "narHash": "sha256-O94AI35yzGFjvudV74a6tvEnFon15TDXy25AXvGeaig=",
        "owner": "akermu",
        "repo": "emacs-libvterm",
        "rev": "c3a3a23a5eace137947524c93644204bf6b56cff",
        "type": "github"
      },
      "original": {
        "owner": "akermu",
        "repo": "emacs-libvterm",
        "type": "github"
      }
    },
    "nixpkgs": {
      "locked": {
        "lastModified": 1708564076,
        "narHash": "sha256-KKkqoxlgx9n3nwST7O2kM8tliDOijiSSNaWuSkiozdQ=",
        "owner": "nixos",
        "repo": "nixpkgs",
        "rev": "98b00b6947a9214381112bdb6f89c25498db4959",
        "type": "github"
      },
      "original": {
        "owner": "nixos",
        "ref": "nixpkgs-unstable",
        "repo": "nixpkgs",
        "type": "github"
      }
    },
    "root": {
      "inputs": {
        "emacs-src": "emacs-src",
        "emacs-vterm-src": "emacs-vterm-src",
        "nixpkgs": "nixpkgs"
      }
    }
  },
  "root": "root",
  "version": 7
}
