{
  "nodes": {
    "emacs-src": {
      "flake": false,
      "locked": {
        "lastModified": 1708885088,
        "narHash": "sha256-OhtksBnp0CuzPVP/QITcTkFjqi8zUBThDeiqbEl1DPE=",
        "owner": "emacs-mirror",
        "repo": "emacs",
        "rev": "c6f2add964ce1ac69ba6705bc869ee2f447da3cb",
        "type": "github"
      },
      "original": {
        "owner": "emacs-mirror",
        "repo": "emacs",
        "type": "github"
      }
    },
    "emacs-vterm-src": {
      "flake": false,
      "locked": {
        "lastModified": 1704215258,
        "narHash": "sha256-O94AI35yzGFjvudV74a6tvEnFon15TDXy25AXvGeaig=",
        "owner": "akermu",
        "repo": "emacs-libvterm",
        "rev": "c3a3a23a5eace137947524c93644204bf6b56cff",
        "type": "github"
      },
      "original": {
        "owner": "akermu",
        "repo": "emacs-libvterm",
        "type": "github"
      }
    },
    "nixpkgs": {
      "locked": {
        "lastModified": 1708815994,
        "narHash": "sha256-hL7N/ut2Xu0NaDxDMsw2HagAjgDskToGiyZOWriiLYM=",
        "owner": "nixos",
        "repo": "nixpkgs",
        "rev": "9a9dae8f6319600fa9aebde37f340975cab4b8c0",
        "type": "github"
      },
      "original": {
        "owner": "nixos",
        "ref": "nixpkgs-unstable",
        "repo": "nixpkgs",
        "type": "github"
      }
    },
    "root": {
      "inputs": {
        "emacs-src": "emacs-src",
        "emacs-vterm-src": "emacs-vterm-src",
        "nixpkgs": "nixpkgs"
      }
    }
  },
  "root": "root",
  "version": 7
}
