{
  "nodes": {
    "emacs-src": {
      "flake": false,
      "locked": {
        "lastModified": 1725122796,
        "narHash": "sha256-V4yY97MUhVdyt3md5Te3WL8iU9QywcYrIELJzYcqLXU=",
        "owner": "emacs-mirror",
        "repo": "emacs",
        "rev": "59e0b82776ade72680e7c369f6089eab4a74dc4a",
        "type": "github"
      },
      "original": {
        "owner": "emacs-mirror",
        "repo": "emacs",
        "type": "github"
      }
    },
    "emacs-vterm-src": {
      "flake": false,
      "locked": {
        "lastModified": 1724549616,
        "narHash": "sha256-W/UGA3/ecu1fd7u5pYTlRqcULF3EgCVnWQGQYX93YOI=",
        "owner": "akermu",
        "repo": "emacs-libvterm",
        "rev": "988279316fc89e6d78947b48513f248597ba969a",
        "type": "github"
      },
      "original": {
        "owner": "akermu",
        "repo": "emacs-libvterm",
        "type": "github"
      }
    },
    "nixpkgs": {
      "locked": {
        "lastModified": 1725099143,
        "narHash": "sha256-CHgumPZaC7z+WYx72WgaLt2XF0yUVzJS60rO4GZ7ytY=",
        "owner": "nixos",
        "repo": "nixpkgs",
        "rev": "5629520edecb69630a3f4d17d3d33fc96c13f6fe",
        "type": "github"
      },
      "original": {
        "owner": "nixos",
        "ref": "nixpkgs-unstable",
        "repo": "nixpkgs",
        "type": "github"
      }
    },
    "root": {
      "inputs": {
        "emacs-src": "emacs-src",
        "emacs-vterm-src": "emacs-vterm-src",
        "nixpkgs": "nixpkgs"
      }
    }
  },
  "root": "root",
  "version": 7
}
